
Microsoft Visual Studio Solution File, Format Version 12.00
# Visual Studio Version 17
VisualStudioVersion = 17.3.32922.545
MinimumVisualStudioVersion = 16.0.0.0
Project("{2150E333-8FDC-42A3-9474-1A3956D46DE8}") = "src", "src", "{4BBA526E-8C32-4B9A-B4F8-699346D1B6D7}"
EndProject
Project("{9A19103F-16F7-4668-BE54-9A1E7A4F7556}") = "Domain", "src\Domain\Domain.csproj", "{9E05F0E1-AB58-4ECD-AB35-C813A785DB87}"
EndProject
Project("{9A19103F-16F7-4668-BE54-9A1E7A4F7556}") = "Client", "src\Client\Client.csproj", "{8A18CA7E-3F19-4A2F-82E5-B198F14F96D9}"
EndProject
Project("{9A19103F-16F7-4668-BE54-9A1E7A4F7556}") = "Server", "src\Server\Server.csproj", "{636E6803-781C-4D2C-AED3-E8A28DD8B4C1}"
EndProject
Project("{9A19103F-16F7-4668-BE54-9A1E7A4F7556}") = "Shared", "src\Shared\Shared.csproj", "{3B2F4138-009A-4C46-BCF5-4CF5CD792A82}"
EndProject
Project("{2150E333-8FDC-42A3-9474-1A3956D46DE8}") = "Domain", "Domain", "{43F4EE58-B293-40DE-A8BD-E727A8539309}"
EndProject
Project("{9A19103F-16F7-4668-BE54-9A1E7A4F7556}") = "Services", "src\Services\Services.csproj", "{1B2C6154-74B1-4608-8CB6-3C2D0887ACD8}"
EndProject
Global
	GlobalSection(SolutionConfigurationPlatforms) = preSolution
		Debug|Any CPU = Debug|Any CPU
		Debug|x64 = Debug|x64
		Debug|x86 = Debug|x86
		Release|Any CPU = Release|Any CPU
		Release|x64 = Release|x64
		Release|x86 = Release|x86
	EndGlobalSection
	GlobalSection(ProjectConfigurationPlatforms) = postSolution
		{9E05F0E1-AB58-4ECD-AB35-C813A785DB87}.Debug|Any CPU.ActiveCfg = Debug|Any CPU
		{9E05F0E1-AB58-4ECD-AB35-C813A785DB87}.Debug|Any CPU.Build.0 = Debug|Any CPU
		{9E05F0E1-AB58-4ECD-AB35-C813A785DB87}.Debug|x64.ActiveCfg = Debug|Any CPU
		{9E05F0E1-AB58-4ECD-AB35-C813A785DB87}.Debug|x64.Build.0 = Debug|Any CPU
		{9E05F0E1-AB58-4ECD-AB35-C813A785DB87}.Debug|x86.ActiveCfg = Debug|Any CPU
		{9E05F0E1-AB58-4ECD-AB35-C813A785DB87}.Debug|x86.Build.0 = Debug|Any CPU
		{9E05F0E1-AB58-4ECD-AB35-C813A785DB87}.Release|Any CPU.ActiveCfg = Release|Any CPU
		{9E05F0E1-AB58-4ECD-AB35-C813A785DB87}.Release|Any CPU.Build.0 = Release|Any CPU
		{9E05F0E1-AB58-4ECD-AB35-C813A785DB87}.Release|x64.ActiveCfg = Release|Any CPU
		{9E05F0E1-AB58-4ECD-AB35-C813A785DB87}.Release|x64.Build.0 = Release|Any CPU
		{9E05F0E1-AB58-4ECD-AB35-C813A785DB87}.Release|x86.ActiveCfg = Release|Any CPU
		{9E05F0E1-AB58-4ECD-AB35-C813A785DB87}.Release|x86.Build.0 = Release|Any CPU
		{8A18CA7E-3F19-4A2F-82E5-B198F14F96D9}.Debug|Any CPU.ActiveCfg = Debug|Any CPU
		{8A18CA7E-3F19-4A2F-82E5-B198F14F96D9}.Debug|Any CPU.Build.0 = Debug|Any CPU
		{8A18CA7E-3F19-4A2F-82E5-B198F14F96D9}.Debug|x64.ActiveCfg = Debug|Any CPU
		{8A18CA7E-3F19-4A2F-82E5-B198F14F96D9}.Debug|x64.Build.0 = Debug|Any CPU
		{8A18CA7E-3F19-4A2F-82E5-B198F14F96D9}.Debug|x86.ActiveCfg = Debug|Any CPU
		{8A18CA7E-3F19-4A2F-82E5-B198F14F96D9}.Debug|x86.Build.0 = Debug|Any CPU
		{8A18CA7E-3F19-4A2F-82E5-B198F14F96D9}.Release|Any CPU.ActiveCfg = Release|Any CPU
		{8A18CA7E-3F19-4A2F-82E5-B198F14F96D9}.Release|Any CPU.Build.0 = Release|Any CPU
		{8A18CA7E-3F19-4A2F-82E5-B198F14F96D9}.Release|x64.ActiveCfg = Release|Any CPU
		{8A18CA7E-3F19-4A2F-82E5-B198F14F96D9}.Release|x64.Build.0 = Release|Any CPU
		{8A18CA7E-3F19-4A2F-82E5-B198F14F96D9}.Release|x86.ActiveCfg = Release|Any CPU
		{8A18CA7E-3F19-4A2F-82E5-B198F14F96D9}.Release|x86.Build.0 = Release|Any CPU
		{636E6803-781C-4D2C-AED3-E8A28DD8B4C1}.Debug|Any CPU.ActiveCfg = Debug|Any CPU
		{636E6803-781C-4D2C-AED3-E8A28DD8B4C1}.Debug|Any CPU.Build.0 = Debug|Any CPU
		{636E6803-781C-4D2C-AED3-E8A28DD8B4C1}.Debug|x64.ActiveCfg = Debug|Any CPU
		{636E6803-781C-4D2C-AED3-E8A28DD8B4C1}.Debug|x64.Build.0 = Debug|Any CPU
		{636E6803-781C-4D2C-AED3-E8A28DD8B4C1}.Debug|x86.ActiveCfg = Debug|Any CPU
		{636E6803-781C-4D2C-AED3-E8A28DD8B4C1}.Debug|x86.Build.0 = Debug|Any CPU
		{636E6803-781C-4D2C-AED3-E8A28DD8B4C1}.Release|Any CPU.ActiveCfg = Release|Any CPU
		{636E6803-781C-4D2C-AED3-E8A28DD8B4C1}.Release|Any CPU.Build.0 = Release|Any CPU
		{636E6803-781C-4D2C-AED3-E8A28DD8B4C1}.Release|x64.ActiveCfg = Release|Any CPU
		{636E6803-781C-4D2C-AED3-E8A28DD8B4C1}.Release|x64.Build.0 = Release|Any CPU
		{636E6803-781C-4D2C-AED3-E8A28DD8B4C1}.Release|x86.ActiveCfg = Release|Any CPU
		{636E6803-781C-4D2C-AED3-E8A28DD8B4C1}.Release|x86.Build.0 = Release|Any CPU
		{3B2F4138-009A-4C46-BCF5-4CF5CD792A82}.Debug|Any CPU.ActiveCfg = Debug|Any CPU
		{3B2F4138-009A-4C46-BCF5-4CF5CD792A82}.Debug|Any CPU.Build.0 = Debug|Any CPU
		{3B2F4138-009A-4C46-BCF5-4CF5CD792A82}.Debug|x64.ActiveCfg = Debug|Any CPU
		{3B2F4138-009A-4C46-BCF5-4CF5CD792A82}.Debug|x64.Build.0 = Debug|Any CPU
		{3B2F4138-009A-4C46-BCF5-4CF5CD792A82}.Debug|x86.ActiveCfg = Debug|Any CPU
		{3B2F4138-009A-4C46-BCF5-4CF5CD792A82}.Debug|x86.Build.0 = Debug|Any CPU
		{3B2F4138-009A-4C46-BCF5-4CF5CD792A82}.Release|Any CPU.ActiveCfg = Release|Any CPU
		{3B2F4138-009A-4C46-BCF5-4CF5CD792A82}.Release|Any CPU.Build.0 = Release|Any CPU
		{3B2F4138-009A-4C46-BCF5-4CF5CD792A82}.Release|x64.ActiveCfg = Release|Any CPU
		{3B2F4138-009A-4C46-BCF5-4CF5CD792A82}.Release|x64.Build.0 = Release|Any CPU
		{3B2F4138-009A-4C46-BCF5-4CF5CD792A82}.Release|x86.ActiveCfg = Release|Any CPU
		{3B2F4138-009A-4C46-BCF5-4CF5CD792A82}.Release|x86.Build.0 = Release|Any CPU
		{1B2C6154-74B1-4608-8CB6-3C2D0887ACD8}.Debug|Any CPU.ActiveCfg = Debug|Any CPU
		{1B2C6154-74B1-4608-8CB6-3C2D0887ACD8}.Debug|Any CPU.Build.0 = Debug|Any CPU
		{1B2C6154-74B1-4608-8CB6-3C2D0887ACD8}.Debug|x64.ActiveCfg = Debug|Any CPU
		{1B2C6154-74B1-4608-8CB6-3C2D0887ACD8}.Debug|x64.Build.0 = Debug|Any CPU
		{1B2C6154-74B1-4608-8CB6-3C2D0887ACD8}.Debug|x86.ActiveCfg = Debug|Any CPU
		{1B2C6154-74B1-4608-8CB6-3C2D0887ACD8}.Debug|x86.Build.0 = Debug|Any CPU
		{1B2C6154-74B1-4608-8CB6-3C2D0887ACD8}.Release|Any CPU.ActiveCfg = Release|Any CPU
		{1B2C6154-74B1-4608-8CB6-3C2D0887ACD8}.Release|Any CPU.Build.0 = Release|Any CPU
		{1B2C6154-74B1-4608-8CB6-3C2D0887ACD8}.Release|x64.ActiveCfg = Release|Any CPU
		{1B2C6154-74B1-4608-8CB6-3C2D0887ACD8}.Release|x64.Build.0 = Release|Any CPU
		{1B2C6154-74B1-4608-8CB6-3C2D0887ACD8}.Release|x86.ActiveCfg = Release|Any CPU
		{1B2C6154-74B1-4608-8CB6-3C2D0887ACD8}.Release|x86.Build.0 = Release|Any CPU
	EndGlobalSection
	GlobalSection(SolutionProperties) = preSolution
		HideSolutionNode = FALSE
	EndGlobalSection
	GlobalSection(NestedProjects) = preSolution
		{9E05F0E1-AB58-4ECD-AB35-C813A785DB87} = {4BBA526E-8C32-4B9A-B4F8-699346D1B6D7}
		{8A18CA7E-3F19-4A2F-82E5-B198F14F96D9} = {4BBA526E-8C32-4B9A-B4F8-699346D1B6D7}
		{636E6803-781C-4D2C-AED3-E8A28DD8B4C1} = {4BBA526E-8C32-4B9A-B4F8-699346D1B6D7}
		{3B2F4138-009A-4C46-BCF5-4CF5CD792A82} = {4BBA526E-8C32-4B9A-B4F8-699346D1B6D7}
		{1B2C6154-74B1-4608-8CB6-3C2D0887ACD8} = {4BBA526E-8C32-4B9A-B4F8-699346D1B6D7}
	EndGlobalSection
	GlobalSection(ExtensibilityGlobals) = postSolution
		SolutionGuid = {7C99A693-0F34-455D-8819-A66C1BBBA5FE}
	EndGlobalSection
EndGlobal
